
Microsoft Visual Studio Solution File, Format Version 12.00
# Visual Studio Version 16
VisualStudioVersion = 16.0.35826.135
MinimumVisualStudioVersion = 10.0.40219.1
Project("{8BC9CEB8-8B4A-11D0-8D11-00A0C91BC942}") = "6장 진도", "6장 진도\6장 진도.vcxproj", "{35772F65-1895-45A7-92F7-1E2C478DE1EB}"
EndProject
Global
	GlobalSection(SolutionConfigurationPlatforms) = preSolution
		Debug|x64 = Debug|x64
		Debug|x86 = Debug|x86
		Release|x64 = Release|x64
		Release|x86 = Release|x86
	EndGlobalSection
	GlobalSection(ProjectConfigurationPlatforms) = postSolution
		{35772F65-1895-45A7-92F7-1E2C478DE1EB}.Debug|x64.ActiveCfg = Debug|x64
		{35772F65-1895-45A7-92F7-1E2C478DE1EB}.Debug|x64.Build.0 = Debug|x64
		{35772F65-1895-45A7-92F7-1E2C478DE1EB}.Debug|x86.ActiveCfg = Debug|Win32
		{35772F65-1895-45A7-92F7-1E2C478DE1EB}.Debug|x86.Build.0 = Debug|Win32
		{35772F65-1895-45A7-92F7-1E2C478DE1EB}.Release|x64.ActiveCfg = Release|x64
		{35772F65-1895-45A7-92F7-1E2C478DE1EB}.Release|x64.Build.0 = Release|x64
		{35772F65-1895-45A7-92F7-1E2C478DE1EB}.Release|x86.ActiveCfg = Release|Win32
		{35772F65-1895-45A7-92F7-1E2C478DE1EB}.Release|x86.Build.0 = Release|Win32
	EndGlobalSection
	GlobalSection(SolutionProperties) = preSolution
		HideSolutionNode = FALSE
	EndGlobalSection
	GlobalSection(ExtensibilityGlobals) = postSolution
		SolutionGuid = {80E73667-F372-49EE-8F43-63EF876CC168}
	EndGlobalSection
EndGlobal
